github.com/kevinrosenfield/dog v0.0.0-20230922033124-b6f7a30a92a7 h1:kGXBI0s7izX/c8K5duASuVi65N56RVrXqubRQo9tLfw=
github.com/kevinrosenfield/dog v0.0.0-20230922033124-b6f7a30a92a7/go.mod h1:eaFTTEtIx1mSo79x8OwM/wkhCOeMPfwibyA03ubq384=
github.com/kevinrosenfield/dog v0.0.0-20230922035120-c0ee659ccff4 h1:vwBVGzc3ZJU0V0wjiL88ahm65AwQoEgpLQcJR/f77Ic=
github.com/kevinrosenfield/dog v0.0.0-20230922035120-c0ee659ccff4/go.mod h1:eaFTTEtIx1mSo79x8OwM/wkhCOeMPfwibyA03ubq384=
